
Microsoft Visual Studio Solution File, Format Version 12.00
# Visual Studio Version 17
VisualStudioVersion = 17.4.33110.190
MinimumVisualStudioVersion = 10.0.40219.1
Project("{FAE04EC0-301F-11D3-BF4B-00C04F79EFBC}") = "MathWindowsServiceHost", "MathWindowsServiceHost\MathWindowsServiceHost.csproj", "{C3C2BF60-556A-4209-A843-8DEB1DBE52B9}"
EndProject
Global
	GlobalSection(SolutionConfigurationPlatforms) = preSolution
		Debug|Any CPU = Debug|Any CPU
		Release|Any CPU = Release|Any CPU
	EndGlobalSection
	GlobalSection(ProjectConfigurationPlatforms) = postSolution
		{C3C2BF60-556A-4209-A843-8DEB1DBE52B9}.Debug|Any CPU.ActiveCfg = Debug|Any CPU
		{C3C2BF60-556A-4209-A843-8DEB1DBE52B9}.Debug|Any CPU.Build.0 = Debug|Any CPU
		{C3C2BF60-556A-4209-A843-8DEB1DBE52B9}.Release|Any CPU.ActiveCfg = Release|Any CPU
		{C3C2BF60-556A-4209-A843-8DEB1DBE52B9}.Release|Any CPU.Build.0 = Release|Any CPU
	EndGlobalSection
	GlobalSection(SolutionProperties) = preSolution
		HideSolutionNode = FALSE
	EndGlobalSection
	GlobalSection(ExtensibilityGlobals) = postSolution
		SolutionGuid = {DE0DED8C-9352-4A3B-AEB1-807FEE6C9781}
	EndGlobalSection
EndGlobal
