
Microsoft Visual Studio Solution File, Format Version 12.00
# Visual Studio Version 17
VisualStudioVersion = 17.4.33110.190
MinimumVisualStudioVersion = 10.0.40219.1
Project("{FAE04EC0-301F-11D3-BF4B-00C04F79EFBC}") = "MagicEightBallServiceLib", "MagicEightBallServiceLib\MagicEightBallServiceLib.csproj", "{4A30D74F-E070-4352-B4C8-F314992A2ACA}"
EndProject
Project("{FAE04EC0-301F-11D3-BF4B-00C04F79EFBC}") = "MagicEightBallServiceHost", "MagicEightBallServiceHost\MagicEightBallServiceHost.csproj", "{59E2257C-029C-4804-8884-D340D2B2E42C}"
EndProject
Project("{FAE04EC0-301F-11D3-BF4B-00C04F79EFBC}") = "MagicEightBallServiceClient", "MagicEightBallServiceClient\MagicEightBallServiceClient.csproj", "{FB041622-FA3D-457C-86D9-96BD4BA3B2F0}"
	ProjectSection(ProjectDependencies) = postProject
		{59E2257C-029C-4804-8884-D340D2B2E42C} = {59E2257C-029C-4804-8884-D340D2B2E42C}
	EndProjectSection
EndProject
Global
	GlobalSection(SolutionConfigurationPlatforms) = preSolution
		Debug|Any CPU = Debug|Any CPU
		Release|Any CPU = Release|Any CPU
	EndGlobalSection
	GlobalSection(ProjectConfigurationPlatforms) = postSolution
		{4A30D74F-E070-4352-B4C8-F314992A2ACA}.Debug|Any CPU.ActiveCfg = Debug|Any CPU
		{4A30D74F-E070-4352-B4C8-F314992A2ACA}.Debug|Any CPU.Build.0 = Debug|Any CPU
		{4A30D74F-E070-4352-B4C8-F314992A2ACA}.Release|Any CPU.ActiveCfg = Release|Any CPU
		{4A30D74F-E070-4352-B4C8-F314992A2ACA}.Release|Any CPU.Build.0 = Release|Any CPU
		{59E2257C-029C-4804-8884-D340D2B2E42C}.Debug|Any CPU.ActiveCfg = Debug|Any CPU
		{59E2257C-029C-4804-8884-D340D2B2E42C}.Debug|Any CPU.Build.0 = Debug|Any CPU
		{59E2257C-029C-4804-8884-D340D2B2E42C}.Release|Any CPU.ActiveCfg = Release|Any CPU
		{59E2257C-029C-4804-8884-D340D2B2E42C}.Release|Any CPU.Build.0 = Release|Any CPU
		{FB041622-FA3D-457C-86D9-96BD4BA3B2F0}.Debug|Any CPU.ActiveCfg = Debug|Any CPU
		{FB041622-FA3D-457C-86D9-96BD4BA3B2F0}.Debug|Any CPU.Build.0 = Debug|Any CPU
		{FB041622-FA3D-457C-86D9-96BD4BA3B2F0}.Release|Any CPU.ActiveCfg = Release|Any CPU
		{FB041622-FA3D-457C-86D9-96BD4BA3B2F0}.Release|Any CPU.Build.0 = Release|Any CPU
	EndGlobalSection
	GlobalSection(SolutionProperties) = preSolution
		HideSolutionNode = FALSE
	EndGlobalSection
	GlobalSection(ExtensibilityGlobals) = postSolution
		SolutionGuid = {0767F808-EA49-4135-8709-8BC7EBC4254F}
	EndGlobalSection
EndGlobal
